
Microsoft Visual Studio Solution File, Format Version 12.00
# Visual Studio Version 16
VisualStudioVersion = 16.0.30204.135
MinimumVisualStudioVersion = 10.0.40219.1
Project("{FAE04EC0-301F-11D3-BF4B-00C04F79EFBC}") = "ApiDti", "ApiDti.csproj", "{C37DC74B-6CF9-4F3E-8400-2BAB919290D1}"
EndProject
Global
	GlobalSection(SolutionConfigurationPlatforms) = preSolution
		Debug|Any CPU = Debug|Any CPU
		Release|Any CPU = Release|Any CPU
	EndGlobalSection
	GlobalSection(ProjectConfigurationPlatforms) = postSolution
		{C37DC74B-6CF9-4F3E-8400-2BAB919290D1}.Debug|Any CPU.ActiveCfg = Debug|Any CPU
		{C37DC74B-6CF9-4F3E-8400-2BAB919290D1}.Debug|Any CPU.Build.0 = Debug|Any CPU
		{C37DC74B-6CF9-4F3E-8400-2BAB919290D1}.Release|Any CPU.ActiveCfg = Release|Any CPU
		{C37DC74B-6CF9-4F3E-8400-2BAB919290D1}.Release|Any CPU.Build.0 = Release|Any CPU
	EndGlobalSection
	GlobalSection(SolutionProperties) = preSolution
		HideSolutionNode = FALSE
	EndGlobalSection
	GlobalSection(ExtensibilityGlobals) = postSolution
		SolutionGuid = {473DDBB1-1929-4C1F-A8F0-6E4E5D58A2DC}
	EndGlobalSection
EndGlobal
